
Microsoft Visual Studio Solution File, Format Version 12.00
# Visual Studio Version 17
VisualStudioVersion = 17.6.33723.286
MinimumVisualStudioVersion = 10.0.40219.1
Project("{FAE04EC0-301F-11D3-BF4B-00C04F79EFBC}") = "BioBox Controller", "BioBox Controller\BioBox Controller.csproj", "{90223315-7B77-4770-A7FA-6C431C65D5ED}"
EndProject
Global
	GlobalSection(SolutionConfigurationPlatforms) = preSolution
		Debug|Any CPU = Debug|Any CPU
		Release|Any CPU = Release|Any CPU
	EndGlobalSection
	GlobalSection(ProjectConfigurationPlatforms) = postSolution
		{90223315-7B77-4770-A7FA-6C431C65D5ED}.Debug|Any CPU.ActiveCfg = Debug|Any CPU
		{90223315-7B77-4770-A7FA-6C431C65D5ED}.Debug|Any CPU.Build.0 = Debug|Any CPU
		{90223315-7B77-4770-A7FA-6C431C65D5ED}.Release|Any CPU.ActiveCfg = Release|Any CPU
		{90223315-7B77-4770-A7FA-6C431C65D5ED}.Release|Any CPU.Build.0 = Release|Any CPU
	EndGlobalSection
	GlobalSection(SolutionProperties) = preSolution
		HideSolutionNode = FALSE
	EndGlobalSection
	GlobalSection(ExtensibilityGlobals) = postSolution
		SolutionGuid = {302EACB9-2004-48EB-8936-9585A6A65325}
	EndGlobalSection
EndGlobal
